{
  "name": "realtimechart-react",
  "lockfileVersion": 2,
  "requires": true,
  "packages": {
    "": {
      "dependencies": {
        "cods": "^0.0.1"
      }
    },
    "node_modules/cods": {
      "version": "0.0.1",
      "resolved": "https://registry.npmjs.org/cods/-/cods-0.0.1.tgz",
      "integrity": "sha512-vL+oM7hclFGD4H+gEgbnWI9f5ss2K26VBmXdI/XI1kQup9IVS51XvByvvhR75nNxpYU4SfobhKa/oQHIphcelA=="
    }
  },
  "dependencies": {
    "cods": {
      "version": "0.0.1",
      "resolved": "https://registry.npmjs.org/cods/-/cods-0.0.1.tgz",
      "integrity": "sha512-vL+oM7hclFGD4H+gEgbnWI9f5ss2K26VBmXdI/XI1kQup9IVS51XvByvvhR75nNxpYU4SfobhKa/oQHIphcelA=="
    }
  }
}
